
Microsoft Visual Studio Solution File, Format Version 12.00
# Visual Studio Version 16
VisualStudioVersion = 16.0.32106.194
MinimumVisualStudioVersion = 10.0.40219.1
Project("{9A19103F-16F7-4668-BE54-9A1E7A4F7556}") = "TesteAPI", "TesteAPI\TesteAPI.csproj", "{3DEE29FE-3A92-4F49-9912-3F8EE443406F}"
EndProject
Project("{FAE04EC0-301F-11D3-BF4B-00C04F79EFBC}") = "TesteAPIFake", "TesteAPIFake\TesteAPIFake.csproj", "{5DF2453C-474F-4D02-AFDF-98722FA82FB9}"
EndProject
Global
	GlobalSection(SolutionConfigurationPlatforms) = preSolution
		Debug|Any CPU = Debug|Any CPU
		Release|Any CPU = Release|Any CPU
	EndGlobalSection
	GlobalSection(ProjectConfigurationPlatforms) = postSolution
		{3DEE29FE-3A92-4F49-9912-3F8EE443406F}.Debug|Any CPU.ActiveCfg = Debug|Any CPU
		{3DEE29FE-3A92-4F49-9912-3F8EE443406F}.Debug|Any CPU.Build.0 = Debug|Any CPU
		{3DEE29FE-3A92-4F49-9912-3F8EE443406F}.Release|Any CPU.ActiveCfg = Release|Any CPU
		{3DEE29FE-3A92-4F49-9912-3F8EE443406F}.Release|Any CPU.Build.0 = Release|Any CPU
		{5DF2453C-474F-4D02-AFDF-98722FA82FB9}.Debug|Any CPU.ActiveCfg = Debug|Any CPU
		{5DF2453C-474F-4D02-AFDF-98722FA82FB9}.Debug|Any CPU.Build.0 = Debug|Any CPU
		{5DF2453C-474F-4D02-AFDF-98722FA82FB9}.Release|Any CPU.ActiveCfg = Release|Any CPU
		{5DF2453C-474F-4D02-AFDF-98722FA82FB9}.Release|Any CPU.Build.0 = Release|Any CPU
	EndGlobalSection
	GlobalSection(SolutionProperties) = preSolution
		HideSolutionNode = FALSE
	EndGlobalSection
	GlobalSection(ExtensibilityGlobals) = postSolution
		SolutionGuid = {8BE36F5F-787F-4912-B0C3-2CCE15CE4902}
	EndGlobalSection
EndGlobal
